PODS:
  - SnapKit (4.0.0)
  - UIView+Positioning (1.6)

DEPENDENCIES:
  - SnapKit (~> 4.0.0)
  - UIView+Positioning

SPEC CHECKSUMS:
  SnapKit: a42d492c16e80209130a3379f73596c3454b7694
  UIView+Positioning: 6e7236a429053ade11051fab7ff9053af36c77a8

PODFILE CHECKSUM: 386ca8b9389ef7d6fe1d0f38f8e96d9ff2291f22

COCOAPODS: 1.4.0
