// !$*UTF8*$!
{
	archiveVersion = 1;
	classes = {
	};
	objectVersion = 48;
	objects = {

/* Begin PBXBuildFile section */
		7520A7F320AB5DA100552E71 /* AppDelegate.swift in Sources */ = {isa = PBXBuildFile; fileRef = 7520A7F220AB5DA100552E71 /* AppDelegate.swift */; };
		7520A7FA20AB5DA100552E71 /* Assets.xcassets in Resources */ = {isa = PBXBuildFile; fileRef = 7520A7F920AB5DA100552E71 /* Assets.xcassets */; };
		7520A7FD20AB5DA100552E71 /* LaunchScreen.storyboard in Resources */ = {isa = PBXBuildFile; fileRef = 7520A7FB20AB5DA100552E71 /* LaunchScreen.storyboard */; };
		7520A80520AB5E8A00552E71 /* YYHomeViewController.swift in Sources */ = {isa = PBXBuildFile; fileRef = 7520A80420AB5E8A00552E71 /* YYHomeViewController.swift */; };
		7520A80720AB5E9300552E71 /* YYNavigationViewController.swift in Sources */ = {isa = PBXBuildFile; fileRef = 7520A80620AB5E9300552E71 /* YYNavigationViewController.swift */; };
		7520A80820AB5EA500552E71 /* SnapKit.framework in Frameworks */ = {isa = PBXBuildFile; fileRef = 7520A80920AB5EA500552E71 /* SnapKit.framework */; };
		7520A80B20AB5FFA00552E71 /* YYDivideImageViewController.swift in Sources */ = {isa = PBXBuildFile; fileRef = 7520A80A20AB5FFA00552E71 /* YYDivideImageViewController.swift */; };
		7520A80F20ABC88E00552E71 /* UIImage+Divide.swift in Sources */ = {isa = PBXBuildFile; fileRef = 7520A80E20ABC88E00552E71 /* UIImage+Divide.swift */; };
		75901D1520C26CAE0009748A /* UIColor.swift in Sources */ = {isa = PBXBuildFile; fileRef = 75901D1020C26CAE0009748A /* UIColor.swift */; };
		75901D1620C26CAE0009748A /* UIButton+Category.swift in Sources */ = {isa = PBXBuildFile; fileRef = 75901D1120C26CAE0009748A /* UIButton+Category.swift */; };
		75901D1720C26CAE0009748A /* UILabel+Category.swift in Sources */ = {isa = PBXBuildFile; fileRef = 75901D1220C26CAE0009748A /* UILabel+Category.swift */; };
		75901D1820C26CAE0009748A /* NSString+Category.swift in Sources */ = {isa = PBXBuildFile; fileRef = 75901D1320C26CAE0009748A /* NSString+Category.swift */; };
		75901D1920C26CAE0009748A /* UIImage+Category.swift in Sources */ = {isa = PBXBuildFile; fileRef = 75901D1420C26CAE0009748A /* UIImage+Category.swift */; };
		75AAA8BC20AF865100D03D7C /* YYNumberPickerView.swift in Sources */ = {isa = PBXBuildFile; fileRef = 75AAA8BB20AF865100D03D7C /* YYNumberPickerView.swift */; };
		75AAA8D220B0DB5C00D03D7C /* PreviewImageCollectionViewCell.swift in Sources */ = {isa = PBXBuildFile; fileRef = 75AAA8D020B0DB5C00D03D7C /* PreviewImageCollectionViewCell.swift */; };
		75AAA8D320B0DB5C00D03D7C /* PreviewImageCollectionViewCell.xib in Resources */ = {isa = PBXBuildFile; fileRef = 75AAA8D120B0DB5C00D03D7C /* PreviewImageCollectionViewCell.xib */; };
		75AAA8D420B1596100D03D7C /* UIView_Positioning.framework in Frameworks */ = {isa = PBXBuildFile; fileRef = 75AAA8D520B1596100D03D7C /* UIView_Positioning.framework */; };
		F19BEAF99AFB1693B7C9D5B7 /* Pods_YYDivideImage.framework in Frameworks */ = {isa = PBXBuildFile; fileRef = 6865D5EE223A00CD45B61A76 /* Pods_YYDivideImage.framework */; };
/* End PBXBuildFile section */

/* Begin PBXFileReference section */
		5A26DF21FE341EBE0B5FD26D /* Pods-YYDivideImage.debug.xcconfig */ = {isa = PBXFileReference; includeInIndex = 1; lastKnownFileType = text.xcconfig; name = "Pods-YYDivideImage.debug.xcconfig"; path = "Pods/Target Support Files/Pods-YYDivideImage/Pods-YYDivideImage.debug.xcconfig"; sourceTree = "<group>"; };
		6865D5EE223A00CD45B61A76 /* Pods_YYDivideImage.framework */ = {isa = PBXFileReference; explicitFileType = wrapper.framework; includeInIndex = 0; path = Pods_YYDivideImage.framework; sourceTree = BUILT_PRODUCTS_DIR; };
		7520A7EF20AB5DA100552E71 /* YYDivideImage.app */ = {isa = PBXFileReference; explicitFileType = wrapper.application; includeInIndex = 0; path = YYDivideImage.app; sourceTree = BUILT_PRODUCTS_DIR; };
		7520A7F220AB5DA100552E71 /* AppDelegate.swift */ = {isa = PBXFileReference; lastKnownFileType = sourcecode.swift; path = AppDelegate.swift; sourceTree = "<group>"; };
		7520A7F920AB5DA100552E71 /* Assets.xcassets */ = {isa = PBXFileReference; lastKnownFileType = folder.assetcatalog; path = Assets.xcassets; sourceTree = "<group>"; };
		7520A7FC20AB5DA100552E71 /* Base */ = {isa = PBXFileReference; lastKnownFileType = file.storyboard; name = Base; path = Base.lproj/LaunchScreen.storyboard; sourceTree = "<group>"; };
		7520A7FE20AB5DA100552E71 /* Info.plist */ = {isa = PBXFileReference; lastKnownFileType = text.plist.xml; path = Info.plist; sourceTree = "<group>"; };
		7520A80420AB5E8A00552E71 /* YYHomeViewController.swift */ = {isa = PBXFileReference; fileEncoding = 4; lastKnownFileType = sourcecode.swift; path = YYHomeViewController.swift; sourceTree = "<group>"; };
		7520A80620AB5E9300552E71 /* YYNavigationViewController.swift */ = {isa = PBXFileReference; fileEncoding = 4; lastKnownFileType = sourcecode.swift; path = YYNavigationViewController.swift; sourceTree = "<group>"; };
		7520A80920AB5EA500552E71 /* SnapKit.framework */ = {isa = PBXFileReference; explicitFileType = wrapper.framework; path = SnapKit.framework; sourceTree = BUILT_PRODUCTS_DIR; };
		7520A80A20AB5FFA00552E71 /* YYDivideImageViewController.swift */ = {isa = PBXFileReference; lastKnownFileType = sourcecode.swift; path = YYDivideImageViewController.swift; sourceTree = "<group>"; };
		7520A80E20ABC88E00552E71 /* UIImage+Divide.swift */ = {isa = PBXFileReference; lastKnownFileType = sourcecode.swift; path = "UIImage+Divide.swift"; sourceTree = "<group>"; };
		75901D1020C26CAE0009748A /* UIColor.swift */ = {isa = PBXFileReference; fileEncoding = 4; lastKnownFileType = sourcecode.swift; path = UIColor.swift; sourceTree = "<group>"; };
		75901D1120C26CAE0009748A /* UIButton+Category.swift */ = {isa = PBXFileReference; fileEncoding = 4; lastKnownFileType = sourcecode.swift; path = "UIButton+Category.swift"; sourceTree = "<group>"; };
		75901D1220C26CAE0009748A /* UILabel+Category.swift */ = {isa = PBXFileReference; fileEncoding = 4; lastKnownFileType = sourcecode.swift; path = "UILabel+Category.swift"; sourceTree = "<group>"; };
		75901D1320C26CAE0009748A /* NSString+Category.swift */ = {isa = PBXFileReference; fileEncoding = 4; lastKnownFileType = sourcecode.swift; path = "NSString+Category.swift"; sourceTree = "<group>"; };
		75901D1420C26CAE0009748A /* UIImage+Category.swift */ = {isa = PBXFileReference; fileEncoding = 4; lastKnownFileType = sourcecode.swift; path = "UIImage+Category.swift"; sourceTree = "<group>"; };
		75AAA8BB20AF865100D03D7C /* YYNumberPickerView.swift */ = {isa = PBXFileReference; fileEncoding = 4; lastKnownFileType = sourcecode.swift; path = YYNumberPickerView.swift; sourceTree = "<group>"; };
		75AAA8D020B0DB5C00D03D7C /* PreviewImageCollectionViewCell.swift */ = {isa = PBXFileReference; lastKnownFileType = sourcecode.swift; path = PreviewImageCollectionViewCell.swift; sourceTree = "<group>"; };
		75AAA8D120B0DB5C00D03D7C /* PreviewImageCollectionViewCell.xib */ = {isa = PBXFileReference; lastKnownFileType = file.xib; path = PreviewImageCollectionViewCell.xib; sourceTree = "<group>"; };
		75AAA8D520B1596100D03D7C /* UIView_Positioning.framework */ = {isa = PBXFileReference; explicitFileType = wrapper.framework; path = UIView_Positioning.framework; sourceTree = BUILT_PRODUCTS_DIR; };
		FDE7D18A68A6C93D3E0C03F6 /* Pods-YYDivideImage.release.xcconfig */ = {isa = PBXFileReference; includeInIndex = 1; lastKnownFileType = text.xcconfig; name = "Pods-YYDivideImage.release.xcconfig"; path = "Pods/Target Support Files/Pods-YYDivideImage/Pods-YYDivideImage.release.xcconfig"; sourceTree = "<group>"; };
/* End PBXFileReference section */

/* Begin PBXFrameworksBuildPhase section */
		7520A7EC20AB5DA100552E71 /* Frameworks */ = {
			isa = PBXFrameworksBuildPhase;
			buildActionMask = 2147483647;
			files = (
				75AAA8D420B1596100D03D7C /* UIView_Positioning.framework in Frameworks */,
				7520A80820AB5EA500552E71 /* SnapKit.framework in Frameworks */,
				F19BEAF99AFB1693B7C9D5B7 /* Pods_YYDivideImage.framework in Frameworks */,
			);
			runOnlyForDeploymentPostprocessing = 0;
		};
/* End PBXFrameworksBuildPhase section */

/* Begin PBXGroup section */
		00ACC6099EEB671381931707 /* Pods */ = {
			isa = PBXGroup;
			children = (
				5A26DF21FE341EBE0B5FD26D /* Pods-YYDivideImage.debug.xcconfig */,
				FDE7D18A68A6C93D3E0C03F6 /* Pods-YYDivideImage.release.xcconfig */,
			);
			name = Pods;
			sourceTree = "<group>";
		};
		7520A7E620AB5DA100552E71 = {
			isa = PBXGroup;
			children = (
				7520A7F120AB5DA100552E71 /* YYDivideImage */,
				7520A7F020AB5DA100552E71 /* Products */,
				00ACC6099EEB671381931707 /* Pods */,
				BA862843BF96814D3C1C0902 /* Frameworks */,
			);
			sourceTree = "<group>";
		};
		7520A7F020AB5DA100552E71 /* Products */ = {
			isa = PBXGroup;
			children = (
				7520A7EF20AB5DA100552E71 /* YYDivideImage.app */,
			);
			name = Products;
			sourceTree = "<group>";
		};
		7520A7F120AB5DA100552E71 /* YYDivideImage */ = {
			isa = PBXGroup;
			children = (
				7520A80D20ABC82700552E71 /* Extension */,
				7520A80C20ABC82000552E71 /* Tools */,
				7520A7F220AB5DA100552E71 /* AppDelegate.swift */,
				7520A80420AB5E8A00552E71 /* YYHomeViewController.swift */,
				7520A80620AB5E9300552E71 /* YYNavigationViewController.swift */,
				7520A80A20AB5FFA00552E71 /* YYDivideImageViewController.swift */,
				75AAA8BB20AF865100D03D7C /* YYNumberPickerView.swift */,
				75AAA8D020B0DB5C00D03D7C /* PreviewImageCollectionViewCell.swift */,
				75AAA8D120B0DB5C00D03D7C /* PreviewImageCollectionViewCell.xib */,
				7520A7F920AB5DA100552E71 /* Assets.xcassets */,
				7520A7FB20AB5DA100552E71 /* LaunchScreen.storyboard */,
				7520A7FE20AB5DA100552E71 /* Info.plist */,
			);
			path = YYDivideImage;
			sourceTree = "<group>";
		};
		7520A80C20ABC82000552E71 /* Tools */ = {
			isa = PBXGroup;
			children = (
			);
			path = Tools;
			sourceTree = "<group>";
		};
		7520A80D20ABC82700552E71 /* Extension */ = {
			isa = PBXGroup;
			children = (
				75901D1320C26CAE0009748A /* NSString+Category.swift */,
				75901D1120C26CAE0009748A /* UIButton+Category.swift */,
				75901D1020C26CAE0009748A /* UIColor.swift */,
				75901D1420C26CAE0009748A /* UIImage+Category.swift */,
				75901D1220C26CAE0009748A /* UILabel+Category.swift */,
				7520A80E20ABC88E00552E71 /* UIImage+Divide.swift */,
			);
			path = Extension;
			sourceTree = "<group>";
		};
		BA862843BF96814D3C1C0902 /* Frameworks */ = {
			isa = PBXGroup;
			children = (
				75AAA8D520B1596100D03D7C /* UIView_Positioning.framework */,
				7520A80920AB5EA500552E71 /* SnapKit.framework */,
				6865D5EE223A00CD45B61A76 /* Pods_YYDivideImage.framework */,
			);
			name = Frameworks;
			sourceTree = "<group>";
		};
/* End PBXGroup section */

/* Begin PBXNativeTarget section */
		7520A7EE20AB5DA100552E71 /* YYDivideImage */ = {
			isa = PBXNativeTarget;
			buildConfigurationList = 7520A80120AB5DA100552E71 /* Build configuration list for PBXNativeTarget "YYDivideImage" */;
			buildPhases = (
				BAD8B98670DEE2ECFC242AC5 /* [CP] Check Pods Manifest.lock */,
				7520A7EB20AB5DA100552E71 /* Sources */,
				7520A7EC20AB5DA100552E71 /* Frameworks */,
				7520A7ED20AB5DA100552E71 /* Resources */,
				69A7F4064E89D3B804D2E0CC /* [CP] Embed Pods Frameworks */,
				CAEA0151F53B4D5EAA68954C /* [CP] Copy Pods Resources */,
			);
			buildRules = (
			);
			dependencies = (
			);
			name = YYDivideImage;
			productName = YYDivideImage;
			productReference = 7520A7EF20AB5DA100552E71 /* YYDivideImage.app */;
			productType = "com.apple.product-type.application";
		};
/* End PBXNativeTarget section */

/* Begin PBXProject section */
		7520A7E720AB5DA100552E71 /* Project object */ = {
			isa = PBXProject;
			attributes = {
				LastSwiftUpdateCheck = 0920;
				LastUpgradeCheck = 0920;
				ORGANIZATIONNAME = futureversion;
				TargetAttributes = {
					7520A7EE20AB5DA100552E71 = {
						CreatedOnToolsVersion = 9.2;
						ProvisioningStyle = Automatic;
					};
				};
			};
			buildConfigurationList = 7520A7EA20AB5DA100552E71 /* Build configuration list for PBXProject "YYDivideImage" */;
			compatibilityVersion = "Xcode 8.0";
			developmentRegion = en;
			hasScannedForEncodings = 0;
			knownRegions = (
				en,
				Base,
			);
			mainGroup = 7520A7E620AB5DA100552E71;
			productRefGroup = 7520A7F020AB5DA100552E71 /* Products */;
			projectDirPath = "";
			projectRoot = "";
			targets = (
				7520A7EE20AB5DA100552E71 /* YYDivideImage */,
			);
		};
/* End PBXProject section */

/* Begin PBXResourcesBuildPhase section */
		7520A7ED20AB5DA100552E71 /* Resources */ = {
			isa = PBXResourcesBuildPhase;
			buildActionMask = 2147483647;
			files = (
				7520A7FD20AB5DA100552E71 /* LaunchScreen.storyboard in Resources */,
				7520A7FA20AB5DA100552E71 /* Assets.xcassets in Resources */,
				75AAA8D320B0DB5C00D03D7C /* PreviewImageCollectionViewCell.xib in Resources */,
			);
			runOnlyForDeploymentPostprocessing = 0;
		};
/* End PBXResourcesBuildPhase section */

/* Begin PBXShellScriptBuildPhase section */
		69A7F4064E89D3B804D2E0CC /* [CP] Embed Pods Frameworks */ = {
			isa = PBXShellScriptBuildPhase;
			buildActionMask = 2147483647;
			files = (
			);
			inputPaths = (
				"${SRCROOT}/Pods/Target Support Files/Pods-YYDivideImage/Pods-YYDivideImage-frameworks.sh",
				"${BUILT_PRODUCTS_DIR}/SnapKit/SnapKit.framework",
				"${BUILT_PRODUCTS_DIR}/UIView+Positioning/UIView_Positioning.framework",
			);
			name = "[CP] Embed Pods Frameworks";
			outputPaths = (
				"${TARGET_BUILD_DIR}/${FRAMEWORKS_FOLDER_PATH}/SnapKit.framework",
				"${TARGET_BUILD_DIR}/${FRAMEWORKS_FOLDER_PATH}/UIView_Positioning.framework",
			);
			runOnlyForDeploymentPostprocessing = 0;
			shellPath = /bin/sh;
			shellScript = "\"${SRCROOT}/Pods/Target Support Files/Pods-YYDivideImage/Pods-YYDivideImage-frameworks.sh\"\n";
			showEnvVarsInLog = 0;
		};
		BAD8B98670DEE2ECFC242AC5 /* [CP] Check Pods Manifest.lock */ = {
			isa = PBXShellScriptBuildPhase;
			buildActionMask = 2147483647;
			files = (
			);
			inputPaths = (
				"${PODS_PODFILE_DIR_PATH}/Podfile.lock",
				"${PODS_ROOT}/Manifest.lock",
			);
			name = "[CP] Check Pods Manifest.lock";
			outputPaths = (
				"$(DERIVED_FILE_DIR)/Pods-YYDivideImage-checkManifestLockResult.txt",
			);
			runOnlyForDeploymentPostprocessing = 0;
			shellPath = /bin/sh;
			shellScript = "diff \"${PODS_PODFILE_DIR_PATH}/Podfile.lock\" \"${PODS_ROOT}/Manifest.lock\" > /dev/null\nif [ $? != 0 ] ; then\n    # print error to STDERR\n    echo \"error: The sandbox is not in sync with the Podfile.lock. Run 'pod install' or update your CocoaPods installation.\" >&2\n    exit 1\nfi\n# This output is used by Xcode 'outputs' to avoid re-running this script phase.\necho \"SUCCESS\" > \"${SCRIPT_OUTPUT_FILE_0}\"\n";
			showEnvVarsInLog = 0;
		};
		CAEA0151F53B4D5EAA68954C /* [CP] Copy Pods Resources */ = {
			isa = PBXShellScriptBuildPhase;
			buildActionMask = 2147483647;
			files = (
			);
			inputPaths = (
			);
			name = "[CP] Copy Pods Resources";
			outputPaths = (
			);
			runOnlyForDeploymentPostprocessing = 0;
			shellPath = /bin/sh;
			shellScript = "\"${SRCROOT}/Pods/Target Support Files/Pods-YYDivideImage/Pods-YYDivideImage-resources.sh\"\n";
			showEnvVarsInLog = 0;
		};
/* End PBXShellScriptBuildPhase section */

/* Begin PBXSourcesBuildPhase section */
		7520A7EB20AB5DA100552E71 /* Sources */ = {
			isa = PBXSourcesBuildPhase;
			buildActionMask = 2147483647;
			files = (
				7520A7F320AB5DA100552E71 /* AppDelegate.swift in Sources */,
				75901D1820C26CAE0009748A /* NSString+Category.swift in Sources */,
				75901D1620C26CAE0009748A /* UIButton+Category.swift in Sources */,
				75901D1920C26CAE0009748A /* UIImage+Category.swift in Sources */,
				75AAA8BC20AF865100D03D7C /* YYNumberPickerView.swift in Sources */,
				7520A80520AB5E8A00552E71 /* YYHomeViewController.swift in Sources */,
				75901D1720C26CAE0009748A /* UILabel+Category.swift in Sources */,
				7520A80720AB5E9300552E71 /* YYNavigationViewController.swift in Sources */,
				7520A80F20ABC88E00552E71 /* UIImage+Divide.swift in Sources */,
				75901D1520C26CAE0009748A /* UIColor.swift in Sources */,
				75AAA8D220B0DB5C00D03D7C /* PreviewImageCollectionViewCell.swift in Sources */,
				7520A80B20AB5FFA00552E71 /* YYDivideImageViewController.swift in Sources */,
			);
			runOnlyForDeploymentPostprocessing = 0;
		};
/* End PBXSourcesBuildPhase section */

/* Begin PBXVariantGroup section */
		7520A7FB20AB5DA100552E71 /* LaunchScreen.storyboard */ = {
			isa = PBXVariantGroup;
			children = (
				7520A7FC20AB5DA100552E71 /* Base */,
			);
			name = LaunchScreen.storyboard;
			sourceTree = "<group>";
		};
/* End PBXVariantGroup section */

/* Begin XCBuildConfiguration section */
		7520A7FF20AB5DA100552E71 /* Debug */ = {
			isa = XCBuildConfiguration;
			buildSettings = {
				ALWAYS_SEARCH_USER_PATHS = NO;
				CLANG_ANALYZER_NONNULL = YES;
				CLANG_ANALYZER_NUMBER_OBJECT_CONVERSION = YES_AGGRESSIVE;
				CLANG_CXX_LANGUAGE_STANDARD = "gnu++14";
				CLANG_CXX_LIBRARY = "libc++";
				CLANG_ENABLE_MODULES = YES;
				CLANG_ENABLE_OBJC_ARC = YES;
				CLANG_WARN_BLOCK_CAPTURE_AUTORELEASING = YES;
				CLANG_WARN_BOOL_CONVERSION = YES;
				CLANG_WARN_COMMA = YES;
				CLANG_WARN_CONSTANT_CONVERSION = YES;
				CLANG_WARN_DIRECT_OBJC_ISA_USAGE = YES_ERROR;
				CLANG_WARN_DOCUMENTATION_COMMENTS = YES;
				CLANG_WARN_EMPTY_BODY = YES;
				CLANG_WARN_ENUM_CONVERSION = YES;
				CLANG_WARN_INFINITE_RECURSION = YES;
				CLANG_WARN_INT_CONVERSION = YES;
				CLANG_WARN_NON_LITERAL_NULL_CONVERSION = YES;
				CLANG_WARN_OBJC_LITERAL_CONVERSION = YES;
				CLANG_WARN_OBJC_ROOT_CLASS = YES_ERROR;
				CLANG_WARN_RANGE_LOOP_ANALYSIS = YES;
				CLANG_WARN_STRICT_PROTOTYPES = YES;
				CLANG_WARN_SUSPICIOUS_MOVE = YES;
				CLANG_WARN_UNGUARDED_AVAILABILITY = YES_AGGRESSIVE;
				CLANG_WARN_UNREACHABLE_CODE = YES;
				CLANG_WARN__DUPLICATE_METHOD_MATCH = YES;
				CODE_SIGN_IDENTITY = "iPhone Developer";
				COPY_PHASE_STRIP = NO;
				DEBUG_INFORMATION_FORMAT = dwarf;
				ENABLE_STRICT_OBJC_MSGSEND = YES;
				ENABLE_TESTABILITY = YES;
				GCC_C_LANGUAGE_STANDARD = gnu11;
				GCC_DYNAMIC_NO_PIC = NO;
				GCC_NO_COMMON_BLOCKS = YES;
				GCC_OPTIMIZATION_LEVEL = 0;
				GCC_PREPROCESSOR_DEFINITIONS = (
					"DEBUG=1",
					"$(inherited)",
				);
				GCC_WARN_64_TO_32_BIT_CONVERSION = YES;
				GCC_WARN_ABOUT_RETURN_TYPE = YES_ERROR;
				GCC_WARN_UNDECLARED_SELECTOR = YES;
				GCC_WARN_UNINITIALIZED_AUTOS = YES_AGGRESSIVE;
				GCC_WARN_UNUSED_FUNCTION = YES;
				GCC_WARN_UNUSED_VARIABLE = YES;
				IPHONEOS_DEPLOYMENT_TARGET = 11.2;
				MTL_ENABLE_DEBUG_INFO = YES;
				ONLY_ACTIVE_ARCH = YES;
				SDKROOT = iphoneos;
				SWIFT_ACTIVE_COMPILATION_CONDITIONS = DEBUG;
				SWIFT_OPTIMIZATION_LEVEL = "-Onone";
			};
			name = Debug;
		};
		7520A80020AB5DA100552E71 /* Release */ = {
			isa = XCBuildConfiguration;
			buildSettings = {
				ALWAYS_SEARCH_USER_PATHS = NO;
				CLANG_ANALYZER_NONNULL = YES;
				CLANG_ANALYZER_NUMBER_OBJECT_CONVERSION = YES_AGGRESSIVE;
				CLANG_CXX_LANGUAGE_STANDARD = "gnu++14";
				CLANG_CXX_LIBRARY = "libc++";
				CLANG_ENABLE_MODULES = YES;
				CLANG_ENABLE_OBJC_ARC = YES;
				CLANG_WARN_BLOCK_CAPTURE_AUTORELEASING = YES;
				CLANG_WARN_BOOL_CONVERSION = YES;
				CLANG_WARN_COMMA = YES;
				CLANG_WARN_CONSTANT_CONVERSION = YES;
				CLANG_WARN_DIRECT_OBJC_ISA_USAGE = YES_ERROR;
				CLANG_WARN_DOCUMENTATION_COMMENTS = YES;
				CLANG_WARN_EMPTY_BODY = YES;
				CLANG_WARN_ENUM_CONVERSION = YES;
				CLANG_WARN_INFINITE_RECURSION = YES;
				CLANG_WARN_INT_CONVERSION = YES;
				CLANG_WARN_NON_LITERAL_NULL_CONVERSION = YES;
				CLANG_WARN_OBJC_LITERAL_CONVERSION = YES;
				CLANG_WARN_OBJC_ROOT_CLASS = YES_ERROR;
				CLANG_WARN_RANGE_LOOP_ANALYSIS = YES;
				CLANG_WARN_STRICT_PROTOTYPES = YES;
				CLANG_WARN_SUSPICIOUS_MOVE = YES;
				CLANG_WARN_UNGUARDED_AVAILABILITY = YES_AGGRESSIVE;
				CLANG_WARN_UNREACHABLE_CODE = YES;
				CLANG_WARN__DUPLICATE_METHOD_MATCH = YES;
				CODE_SIGN_IDENTITY = "iPhone Developer";
				COPY_PHASE_STRIP = NO;
				DEBUG_INFORMATION_FORMAT = "dwarf-with-dsym";
				ENABLE_NS_ASSERTIONS = NO;
				ENABLE_STRICT_OBJC_MSGSEND = YES;
				GCC_C_LANGUAGE_STANDARD = gnu11;
				GCC_NO_COMMON_BLOCKS = YES;
				GCC_WARN_64_TO_32_BIT_CONVERSION = YES;
				GCC_WARN_ABOUT_RETURN_TYPE = YES_ERROR;
				GCC_WARN_UNDECLARED_SELECTOR = YES;
				GCC_WARN_UNINITIALIZED_AUTOS = YES_AGGRESSIVE;
				GCC_WARN_UNUSED_FUNCTION = YES;
				GCC_WARN_UNUSED_VARIABLE = YES;
				IPHONEOS_DEPLOYMENT_TARGET = 11.2;
				MTL_ENABLE_DEBUG_INFO = NO;
				SDKROOT = iphoneos;
				SWIFT_OPTIMIZATION_LEVEL = "-Owholemodule";
				VALIDATE_PRODUCT = YES;
			};
			name = Release;
		};
		7520A80220AB5DA100552E71 /* Debug */ = {
			isa = XCBuildConfiguration;
			baseConfigurationReference = 5A26DF21FE341EBE0B5FD26D /* Pods-YYDivideImage.debug.xcconfig */;
			buildSettings = {
				ASSETCATALOG_COMPILER_APPICON_NAME = AppIcon;
				CODE_SIGN_STYLE = Automatic;
				DEVELOPMENT_TEAM = CZD89388LH;
				INFOPLIST_FILE = YYDivideImage/Info.plist;
				IPHONEOS_DEPLOYMENT_TARGET = 10.0;
				LD_RUNPATH_SEARCH_PATHS = "$(inherited) @executable_path/Frameworks";
				PRODUCT_BUNDLE_IDENTIFIER = com.futureversion.divideImage.YYDivideImage;
				PRODUCT_NAME = "$(TARGET_NAME)";
				SWIFT_VERSION = 4.0;
				TARGETED_DEVICE_FAMILY = "1,2";
			};
			name = Debug;
		};
		7520A80320AB5DA100552E71 /* Release */ = {
			isa = XCBuildConfiguration;
			baseConfigurationReference = FDE7D18A68A6C93D3E0C03F6 /* Pods-YYDivideImage.release.xcconfig */;
			buildSettings = {
				ASSETCATALOG_COMPILER_APPICON_NAME = AppIcon;
				CODE_SIGN_STYLE = Automatic;
				DEVELOPMENT_TEAM = CZD89388LH;
				INFOPLIST_FILE = YYDivideImage/Info.plist;
				IPHONEOS_DEPLOYMENT_TARGET = 10.0;
				LD_RUNPATH_SEARCH_PATHS = "$(inherited) @executable_path/Frameworks";
				PRODUCT_BUNDLE_IDENTIFIER = com.futureversion.divideImage.YYDivideImage;
				PRODUCT_NAME = "$(TARGET_NAME)";
				SWIFT_VERSION = 4.0;
				TARGETED_DEVICE_FAMILY = "1,2";
			};
			name = Release;
		};
/* End XCBuildConfiguration section */

/* Begin XCConfigurationList section */
		7520A7EA20AB5DA100552E71 /* Build configuration list for PBXProject "YYDivideImage" */ = {
			isa = XCConfigurationList;
			buildConfigurations = (
				7520A7FF20AB5DA100552E71 /* Debug */,
				7520A80020AB5DA100552E71 /* Release */,
			);
			defaultConfigurationIsVisible = 0;
			defaultConfigurationName = Release;
		};
		7520A80120AB5DA100552E71 /* Build configuration list for PBXNativeTarget "YYDivideImage" */ = {
			isa = XCConfigurationList;
			buildConfigurations = (
				7520A80220AB5DA100552E71 /* Debug */,
				7520A80320AB5DA100552E71 /* Release */,
			);
			defaultConfigurationIsVisible = 0;
			defaultConfigurationName = Release;
		};
/* End XCConfigurationList section */
	};
	rootObject = 7520A7E720AB5DA100552E71 /* Project object */;
}
